// !$*UTF8*$!
{
	archiveVersion = 1;
	classes = {
	};
	objectVersion = 50;
	objects = {

/* Begin PBXBuildFile section */
		2389473869982147B00837FC /* Pods_Todoeyyyy.framework in Frameworks */ = {isa = PBXBuildFile; fileRef = 8C5C3248286DB24934600893 /* Pods_Todoeyyyy.framework */; };
		A802CB22221BCC7B00F21B4A /* CategoryListViewController.swift in Sources */ = {isa = PBXBuildFile; fileRef = A802CB21221BCC7B00F21B4A /* CategoryListViewController.swift */; };
		A8F6519C221C0F6600CDDBB5 /* Item.swift in Sources */ = {isa = PBXBuildFile; fileRef = A8F6519B221C0F6600CDDBB5 /* Item.swift */; };
		A8F6519E221C0F7100CDDBB5 /* Category.swift in Sources */ = {isa = PBXBuildFile; fileRef = A8F6519D221C0F7100CDDBB5 /* Category.swift */; };
		DB41E1832219A72200C768DF /* AppDelegate.swift in Sources */ = {isa = PBXBuildFile; fileRef = DB41E1822219A72200C768DF /* AppDelegate.swift */; };
		DB41E1852219A72200C768DF /* ToDoListViewController.swift in Sources */ = {isa = PBXBuildFile; fileRef = DB41E1842219A72200C768DF /* ToDoListViewController.swift */; };
		DB41E1882219A72200C768DF /* Main.storyboard in Resources */ = {isa = PBXBuildFile; fileRef = DB41E1862219A72200C768DF /* Main.storyboard */; };
		DB41E18A2219A72400C768DF /* Assets.xcassets in Resources */ = {isa = PBXBuildFile; fileRef = DB41E1892219A72400C768DF /* Assets.xcassets */; };
		DB41E18D2219A72400C768DF /* LaunchScreen.storyboard in Resources */ = {isa = PBXBuildFile; fileRef = DB41E18B2219A72400C768DF /* LaunchScreen.storyboard */; };
		DB41E1982219ACED00C768DF /* ToDoItemCell.swift in Sources */ = {isa = PBXBuildFile; fileRef = DB41E1962219ACED00C768DF /* ToDoItemCell.swift */; };
		DB41E1992219ACED00C768DF /* ToDoItemCell.xib in Resources */ = {isa = PBXBuildFile; fileRef = DB41E1972219ACED00C768DF /* ToDoItemCell.xib */; };
/* End PBXBuildFile section */

/* Begin PBXFileReference section */
		6BF7C21A0BB64F45AE7B5101 /* Pods-Todoeyyyy.debug.xcconfig */ = {isa = PBXFileReference; includeInIndex = 1; lastKnownFileType = text.xcconfig; name = "Pods-Todoeyyyy.debug.xcconfig"; path = "Pods/Target Support Files/Pods-Todoeyyyy/Pods-Todoeyyyy.debug.xcconfig"; sourceTree = "<group>"; };
		8C5C3248286DB24934600893 /* Pods_Todoeyyyy.framework */ = {isa = PBXFileReference; explicitFileType = wrapper.framework; includeInIndex = 0; path = Pods_Todoeyyyy.framework; sourceTree = BUILT_PRODUCTS_DIR; };
		996E3400EC5EF3136FA8A033 /* Pods-Todoeyyyy.release.xcconfig */ = {isa = PBXFileReference; includeInIndex = 1; lastKnownFileType = text.xcconfig; name = "Pods-Todoeyyyy.release.xcconfig"; path = "Pods/Target Support Files/Pods-Todoeyyyy/Pods-Todoeyyyy.release.xcconfig"; sourceTree = "<group>"; };
		A802CB21221BCC7B00F21B4A /* CategoryListViewController.swift */ = {isa = PBXFileReference; lastKnownFileType = sourcecode.swift; path = CategoryListViewController.swift; sourceTree = "<group>"; };
		A8F6519B221C0F6600CDDBB5 /* Item.swift */ = {isa = PBXFileReference; lastKnownFileType = sourcecode.swift; path = Item.swift; sourceTree = "<group>"; };
		A8F6519D221C0F7100CDDBB5 /* Category.swift */ = {isa = PBXFileReference; lastKnownFileType = sourcecode.swift; path = Category.swift; sourceTree = "<group>"; };
		DB41E17F2219A72200C768DF /* Todoeyyyy.app */ = {isa = PBXFileReference; explicitFileType = wrapper.application; includeInIndex = 0; path = Todoeyyyy.app; sourceTree = BUILT_PRODUCTS_DIR; };
		DB41E1822219A72200C768DF /* AppDelegate.swift */ = {isa = PBXFileReference; lastKnownFileType = sourcecode.swift; path = AppDelegate.swift; sourceTree = "<group>"; };
		DB41E1842219A72200C768DF /* ToDoListViewController.swift */ = {isa = PBXFileReference; lastKnownFileType = sourcecode.swift; path = ToDoListViewController.swift; sourceTree = "<group>"; };
		DB41E1872219A72200C768DF /* Base */ = {isa = PBXFileReference; lastKnownFileType = file.storyboard; name = Base; path = Base.lproj/Main.storyboard; sourceTree = "<group>"; };
		DB41E1892219A72400C768DF /* Assets.xcassets */ = {isa = PBXFileReference; lastKnownFileType = folder.assetcatalog; path = Assets.xcassets; sourceTree = "<group>"; };
		DB41E18C2219A72400C768DF /* Base */ = {isa = PBXFileReference; lastKnownFileType = file.storyboard; name = Base; path = Base.lproj/LaunchScreen.storyboard; sourceTree = "<group>"; };
		DB41E18E2219A72400C768DF /* Info.plist */ = {isa = PBXFileReference; lastKnownFileType = text.plist.xml; path = Info.plist; sourceTree = "<group>"; };
		DB41E1962219ACED00C768DF /* ToDoItemCell.swift */ = {isa = PBXFileReference; lastKnownFileType = sourcecode.swift; path = ToDoItemCell.swift; sourceTree = "<group>"; };
		DB41E1972219ACED00C768DF /* ToDoItemCell.xib */ = {isa = PBXFileReference; lastKnownFileType = file.xib; path = ToDoItemCell.xib; sourceTree = "<group>"; };
/* End PBXFileReference section */

/* Begin PBXFrameworksBuildPhase section */
		DB41E17C2219A72200C768DF /* Frameworks */ = {
			isa = PBXFrameworksBuildPhase;
			buildActionMask = 2147483647;
			files = (
				2389473869982147B00837FC /* Pods_Todoeyyyy.framework in Frameworks */,
			);
			runOnlyForDeploymentPostprocessing = 0;
		};
/* End PBXFrameworksBuildPhase section */

/* Begin PBXGroup section */
		3E683CD38163229A4B7A1E3A /* Frameworks */ = {
			isa = PBXGroup;
			children = (
				8C5C3248286DB24934600893 /* Pods_Todoeyyyy.framework */,
			);
			name = Frameworks;
			sourceTree = "<group>";
		};
		42BA5D3B400DC7291460B693 /* Pods */ = {
			isa = PBXGroup;
			children = (
				6BF7C21A0BB64F45AE7B5101 /* Pods-Todoeyyyy.debug.xcconfig */,
				996E3400EC5EF3136FA8A033 /* Pods-Todoeyyyy.release.xcconfig */,
			);
			name = Pods;
			sourceTree = "<group>";
		};
		DB41E1762219A72200C768DF = {
			isa = PBXGroup;
			children = (
				DB41E1812219A72200C768DF /* Todoeyyyy */,
				DB41E1802219A72200C768DF /* Products */,
				42BA5D3B400DC7291460B693 /* Pods */,
				3E683CD38163229A4B7A1E3A /* Frameworks */,
			);
			sourceTree = "<group>";
		};
		DB41E1802219A72200C768DF /* Products */ = {
			isa = PBXGroup;
			children = (
				DB41E17F2219A72200C768DF /* Todoeyyyy.app */,
			);
			name = Products;
			sourceTree = "<group>";
		};
		DB41E1812219A72200C768DF /* Todoeyyyy */ = {
			isa = PBXGroup;
			children = (
				DB41E19E2219CBB100C768DF /* Data Models */,
				DB41E19D2219CB9100C768DF /* Views */,
				DB41E19C2219CB6F00C768DF /* Controllers */,
				DB41E19F2219CBC200C768DF /* Supporting Files */,
				DB41E1822219A72200C768DF /* AppDelegate.swift */,
				DB41E18E2219A72400C768DF /* Info.plist */,
			);
			path = Todoeyyyy;
			sourceTree = "<group>";
		};
		DB41E19C2219CB6F00C768DF /* Controllers */ = {
			isa = PBXGroup;
			children = (
				DB41E1842219A72200C768DF /* ToDoListViewController.swift */,
				A802CB21221BCC7B00F21B4A /* CategoryListViewController.swift */,
			);
			path = Controllers;
			sourceTree = "<group>";
		};
		DB41E19D2219CB9100C768DF /* Views */ = {
			isa = PBXGroup;
			children = (
				DB41E1862219A72200C768DF /* Main.storyboard */,
				DB41E1962219ACED00C768DF /* ToDoItemCell.swift */,
				DB41E1972219ACED00C768DF /* ToDoItemCell.xib */,
			);
			path = Views;
			sourceTree = "<group>";
		};
		DB41E19E2219CBB100C768DF /* Data Models */ = {
			isa = PBXGroup;
			children = (
				A8F6519B221C0F6600CDDBB5 /* Item.swift */,
				A8F6519D221C0F7100CDDBB5 /* Category.swift */,
			);
			path = "Data Models";
			sourceTree = "<group>";
		};
		DB41E19F2219CBC200C768DF /* Supporting Files */ = {
			isa = PBXGroup;
			children = (
				DB41E1892219A72400C768DF /* Assets.xcassets */,
				DB41E18B2219A72400C768DF /* LaunchScreen.storyboard */,
			);
			path = "Supporting Files";
			sourceTree = "<group>";
		};
/* End PBXGroup section */

/* Begin PBXNativeTarget section */
		DB41E17E2219A72200C768DF /* Todoeyyyy */ = {
			isa = PBXNativeTarget;
			buildConfigurationList = DB41E1912219A72400C768DF /* Build configuration list for PBXNativeTarget "Todoeyyyy" */;
			buildPhases = (
				E9A5A17690BBEC0533E8B4E1 /* [CP] Check Pods Manifest.lock */,
				DB41E17B2219A72200C768DF /* Sources */,
				DB41E17C2219A72200C768DF /* Frameworks */,
				DB41E17D2219A72200C768DF /* Resources */,
				D8A2B0109CC19CEFA76D91F7 /* [CP] Embed Pods Frameworks */,
			);
			buildRules = (
			);
			dependencies = (
			);
			name = Todoeyyyy;
			productName = Todoeyyyy;
			productReference = DB41E17F2219A72200C768DF /* Todoeyyyy.app */;
			productType = "com.apple.product-type.application";
		};
/* End PBXNativeTarget section */

/* Begin PBXProject section */
		DB41E1772219A72200C768DF /* Project object */ = {
			isa = PBXProject;
			attributes = {
				LastSwiftUpdateCheck = 1010;
				LastUpgradeCheck = 1010;
				ORGANIZATIONNAME = "Mayank Gautam";
				TargetAttributes = {
					DB41E17E2219A72200C768DF = {
						CreatedOnToolsVersion = 10.1;
					};
				};
			};
			buildConfigurationList = DB41E17A2219A72200C768DF /* Build configuration list for PBXProject "Todoeyyyy" */;
			compatibilityVersion = "Xcode 9.3";
			developmentRegion = en;
			hasScannedForEncodings = 0;
			knownRegions = (
				en,
				Base,
			);
			mainGroup = DB41E1762219A72200C768DF;
			productRefGroup = DB41E1802219A72200C768DF /* Products */;
			projectDirPath = "";
			projectRoot = "";
			targets = (
				DB41E17E2219A72200C768DF /* Todoeyyyy */,
			);
		};
/* End PBXProject section */

/* Begin PBXResourcesBuildPhase section */
		DB41E17D2219A72200C768DF /* Resources */ = {
			isa = PBXResourcesBuildPhase;
			buildActionMask = 2147483647;
			files = (
				DB41E18D2219A72400C768DF /* LaunchScreen.storyboard in Resources */,
				DB41E18A2219A72400C768DF /* Assets.xcassets in Resources */,
				DB41E1992219ACED00C768DF /* ToDoItemCell.xib in Resources */,
				DB41E1882219A72200C768DF /* Main.storyboard in Resources */,
			);
			runOnlyForDeploymentPostprocessing = 0;
		};
/* End PBXResourcesBuildPhase section */

/* Begin PBXShellScriptBuildPhase section */
		D8A2B0109CC19CEFA76D91F7 /* [CP] Embed Pods Frameworks */ = {
			isa = PBXShellScriptBuildPhase;
			buildActionMask = 2147483647;
			files = (
			);
			inputFileListPaths = (
			);
			inputPaths = (
				"${SRCROOT}/Pods/Target Support Files/Pods-Todoeyyyy/Pods-Todoeyyyy-frameworks.sh",
				"${BUILT_PRODUCTS_DIR}/Realm/Realm.framework",
				"${BUILT_PRODUCTS_DIR}/RealmSwift/RealmSwift.framework",
			);
			name = "[CP] Embed Pods Frameworks";
			outputFileListPaths = (
			);
			outputPaths = (
				"${TARGET_BUILD_DIR}/${FRAMEWORKS_FOLDER_PATH}/Realm.framework",
				"${TARGET_BUILD_DIR}/${FRAMEWORKS_FOLDER_PATH}/RealmSwift.framework",
			);
			runOnlyForDeploymentPostprocessing = 0;
			shellPath = /bin/sh;
			shellScript = "\"${SRCROOT}/Pods/Target Support Files/Pods-Todoeyyyy/Pods-Todoeyyyy-frameworks.sh\"\n";
			showEnvVarsInLog = 0;
		};
		E9A5A17690BBEC0533E8B4E1 /* [CP] Check Pods Manifest.lock */ = {
			isa = PBXShellScriptBuildPhase;
			buildActionMask = 2147483647;
			files = (
			);
			inputFileListPaths = (
			);
			inputPaths = (
				"${PODS_PODFILE_DIR_PATH}/Podfile.lock",
				"${PODS_ROOT}/Manifest.lock",
			);
			name = "[CP] Check Pods Manifest.lock";
			outputFileListPaths = (
			);
			outputPaths = (
				"$(DERIVED_FILE_DIR)/Pods-Todoeyyyy-checkManifestLockResult.txt",
			);
			runOnlyForDeploymentPostprocessing = 0;
			shellPath = /bin/sh;
			shellScript = "diff \"${PODS_PODFILE_DIR_PATH}/Podfile.lock\" \"${PODS_ROOT}/Manifest.lock\" > /dev/null\nif [ $? != 0 ] ; then\n    # print error to STDERR\n    echo \"error: The sandbox is not in sync with the Podfile.lock. Run 'pod install' or update your CocoaPods installation.\" >&2\n    exit 1\nfi\n# This output is used by Xcode 'outputs' to avoid re-running this script phase.\necho \"SUCCESS\" > \"${SCRIPT_OUTPUT_FILE_0}\"\n";
			showEnvVarsInLog = 0;
		};
/* End PBXShellScriptBuildPhase section */

/* Begin PBXSourcesBuildPhase section */
		DB41E17B2219A72200C768DF /* Sources */ = {
			isa = PBXSourcesBuildPhase;
			buildActionMask = 2147483647;
			files = (
				A802CB22221BCC7B00F21B4A /* CategoryListViewController.swift in Sources */,
				DB41E1982219ACED00C768DF /* ToDoItemCell.swift in Sources */,
				DB41E1852219A72200C768DF /* ToDoListViewController.swift in Sources */,
				A8F6519C221C0F6600CDDBB5 /* Item.swift in Sources */,
				DB41E1832219A72200C768DF /* AppDelegate.swift in Sources */,
				A8F6519E221C0F7100CDDBB5 /* Category.swift in Sources */,
			);
			runOnlyForDeploymentPostprocessing = 0;
		};
/* End PBXSourcesBuildPhase section */

/* Begin PBXVariantGroup section */
		DB41E1862219A72200C768DF /* Main.storyboard */ = {
			isa = PBXVariantGroup;
			children = (
				DB41E1872219A72200C768DF /* Base */,
			);
			name = Main.storyboard;
			sourceTree = "<group>";
		};
		DB41E18B2219A72400C768DF /* LaunchScreen.storyboard */ = {
			isa = PBXVariantGroup;
			children = (
				DB41E18C2219A72400C768DF /* Base */,
			);
			name = LaunchScreen.storyboard;
			sourceTree = "<group>";
		};
/* End PBXVariantGroup section */

/* Begin XCBuildConfiguration section */
		DB41E18F2219A72400C768DF /* Debug */ = {
			isa = XCBuildConfiguration;
			buildSettings = {
				ALWAYS_SEARCH_USER_PATHS = NO;
				CLANG_ANALYZER_NONNULL = YES;
				CLANG_ANALYZER_NUMBER_OBJECT_CONVERSION = YES_AGGRESSIVE;
				CLANG_CXX_LANGUAGE_STANDARD = "gnu++14";
				CLANG_CXX_LIBRARY = "libc++";
				CLANG_ENABLE_MODULES = YES;
				CLANG_ENABLE_OBJC_ARC = YES;
				CLANG_ENABLE_OBJC_WEAK = YES;
				CLANG_WARN_BLOCK_CAPTURE_AUTORELEASING = YES;
				CLANG_WARN_BOOL_CONVERSION = YES;
				CLANG_WARN_COMMA = YES;
				CLANG_WARN_CONSTANT_CONVERSION = YES;
				CLANG_WARN_DEPRECATED_OBJC_IMPLEMENTATIONS = YES;
				CLANG_WARN_DIRECT_OBJC_ISA_USAGE = YES_ERROR;
				CLANG_WARN_DOCUMENTATION_COMMENTS = YES;
				CLANG_WARN_EMPTY_BODY = YES;
				CLANG_WARN_ENUM_CONVERSION = YES;
				CLANG_WARN_INFINITE_RECURSION = YES;
				CLANG_WARN_INT_CONVERSION = YES;
				CLANG_WARN_NON_LITERAL_NULL_CONVERSION = YES;
				CLANG_WARN_OBJC_IMPLICIT_RETAIN_SELF = YES;
				CLANG_WARN_OBJC_LITERAL_CONVERSION = YES;
				CLANG_WARN_OBJC_ROOT_CLASS = YES_ERROR;
				CLANG_WARN_RANGE_LOOP_ANALYSIS = YES;
				CLANG_WARN_STRICT_PROTOTYPES = YES;
				CLANG_WARN_SUSPICIOUS_MOVE = YES;
				CLANG_WARN_UNGUARDED_AVAILABILITY = YES_AGGRESSIVE;
				CLANG_WARN_UNREACHABLE_CODE = YES;
				CLANG_WARN__DUPLICATE_METHOD_MATCH = YES;
				CODE_SIGN_IDENTITY = "iPhone Developer";
				COPY_PHASE_STRIP = NO;
				DEBUG_INFORMATION_FORMAT = dwarf;
				ENABLE_STRICT_OBJC_MSGSEND = YES;
				ENABLE_TESTABILITY = YES;
				GCC_C_LANGUAGE_STANDARD = gnu11;
				GCC_DYNAMIC_NO_PIC = NO;
				GCC_NO_COMMON_BLOCKS = YES;
				GCC_OPTIMIZATION_LEVEL = 0;
				GCC_PREPROCESSOR_DEFINITIONS = (
					"DEBUG=1",
					"$(inherited)",
				);
				GCC_WARN_64_TO_32_BIT_CONVERSION = YES;
				GCC_WARN_ABOUT_RETURN_TYPE = YES_ERROR;
				GCC_WARN_UNDECLARED_SELECTOR = YES;
				GCC_WARN_UNINITIALIZED_AUTOS = YES_AGGRESSIVE;
				GCC_WARN_UNUSED_FUNCTION = YES;
				GCC_WARN_UNUSED_VARIABLE = YES;
				IPHONEOS_DEPLOYMENT_TARGET = 12.1;
				MTL_ENABLE_DEBUG_INFO = INCLUDE_SOURCE;
				MTL_FAST_MATH = YES;
				ONLY_ACTIVE_ARCH = YES;
				SDKROOT = iphoneos;
				SWIFT_ACTIVE_COMPILATION_CONDITIONS = DEBUG;
				SWIFT_OPTIMIZATION_LEVEL = "-Onone";
			};
			name = Debug;
		};
		DB41E1902219A72400C768DF /* Release */ = {
			isa = XCBuildConfiguration;
			buildSettings = {
				ALWAYS_SEARCH_USER_PATHS = NO;
				CLANG_ANALYZER_NONNULL = YES;
				CLANG_ANALYZER_NUMBER_OBJECT_CONVERSION = YES_AGGRESSIVE;
				CLANG_CXX_LANGUAGE_STANDARD = "gnu++14";
				CLANG_CXX_LIBRARY = "libc++";
				CLANG_ENABLE_MODULES = YES;
				CLANG_ENABLE_OBJC_ARC = YES;
				CLANG_ENABLE_OBJC_WEAK = YES;
				CLANG_WARN_BLOCK_CAPTURE_AUTORELEASING = YES;
				CLANG_WARN_BOOL_CONVERSION = YES;
				CLANG_WARN_COMMA = YES;
				CLANG_WARN_CONSTANT_CONVERSION = YES;
				CLANG_WARN_DEPRECATED_OBJC_IMPLEMENTATIONS = YES;
				CLANG_WARN_DIRECT_OBJC_ISA_USAGE = YES_ERROR;
				CLANG_WARN_DOCUMENTATION_COMMENTS = YES;
				CLANG_WARN_EMPTY_BODY = YES;
				CLANG_WARN_ENUM_CONVERSION = YES;
				CLANG_WARN_INFINITE_RECURSION = YES;
				CLANG_WARN_INT_CONVERSION = YES;
				CLANG_WARN_NON_LITERAL_NULL_CONVERSION = YES;
				CLANG_WARN_OBJC_IMPLICIT_RETAIN_SELF = YES;
				CLANG_WARN_OBJC_LITERAL_CONVERSION = YES;
				CLANG_WARN_OBJC_ROOT_CLASS = YES_ERROR;
				CLANG_WARN_RANGE_LOOP_ANALYSIS = YES;
				CLANG_WARN_STRICT_PROTOTYPES = YES;
				CLANG_WARN_SUSPICIOUS_MOVE = YES;
				CLANG_WARN_UNGUARDED_AVAILABILITY = YES_AGGRESSIVE;
				CLANG_WARN_UNREACHABLE_CODE = YES;
				CLANG_WARN__DUPLICATE_METHOD_MATCH = YES;
				CODE_SIGN_IDENTITY = "iPhone Developer";
				COPY_PHASE_STRIP = NO;
				DEBUG_INFORMATION_FORMAT = "dwarf-with-dsym";
				ENABLE_NS_ASSERTIONS = NO;
				ENABLE_STRICT_OBJC_MSGSEND = YES;
				GCC_C_LANGUAGE_STANDARD = gnu11;
				GCC_NO_COMMON_BLOCKS = YES;
				GCC_WARN_64_TO_32_BIT_CONVERSION = YES;
				GCC_WARN_ABOUT_RETURN_TYPE = YES_ERROR;
				GCC_WARN_UNDECLARED_SELECTOR = YES;
				GCC_WARN_UNINITIALIZED_AUTOS = YES_AGGRESSIVE;
				GCC_WARN_UNUSED_FUNCTION = YES;
				GCC_WARN_UNUSED_VARIABLE = YES;
				IPHONEOS_DEPLOYMENT_TARGET = 12.1;
				MTL_ENABLE_DEBUG_INFO = NO;
				MTL_FAST_MATH = YES;
				SDKROOT = iphoneos;
				SWIFT_COMPILATION_MODE = wholemodule;
				SWIFT_OPTIMIZATION_LEVEL = "-O";
				VALIDATE_PRODUCT = YES;
			};
			name = Release;
		};
		DB41E1922219A72400C768DF /* Debug */ = {
			isa = XCBuildConfiguration;
			baseConfigurationReference = 6BF7C21A0BB64F45AE7B5101 /* Pods-Todoeyyyy.debug.xcconfig */;
			buildSettings = {
				ASSETCATALOG_COMPILER_APPICON_NAME = AppIcon;
				CODE_SIGN_STYLE = Automatic;
				DEVELOPMENT_TEAM = ZZN46ZQEPH;
				INFOPLIST_FILE = Todoeyyyy/Info.plist;
				LD_RUNPATH_SEARCH_PATHS = (
					"$(inherited)",
					"@executable_path/Frameworks",
				);
				PRODUCT_BUNDLE_IDENTIFIER = com.mayankgautam.Todoeyyyy;
				PRODUCT_NAME = "$(TARGET_NAME)";
				SWIFT_VERSION = 4.2;
				TARGETED_DEVICE_FAMILY = "1,2";
			};
			name = Debug;
		};
		DB41E1932219A72400C768DF /* Release */ = {
			isa = XCBuildConfiguration;
			baseConfigurationReference = 996E3400EC5EF3136FA8A033 /* Pods-Todoeyyyy.release.xcconfig */;
			buildSettings = {
				ASSETCATALOG_COMPILER_APPICON_NAME = AppIcon;
				CODE_SIGN_STYLE = Automatic;
				DEVELOPMENT_TEAM = ZZN46ZQEPH;
				INFOPLIST_FILE = Todoeyyyy/Info.plist;
				LD_RUNPATH_SEARCH_PATHS = (
					"$(inherited)",
					"@executable_path/Frameworks",
				);
				PRODUCT_BUNDLE_IDENTIFIER = com.mayankgautam.Todoeyyyy;
				PRODUCT_NAME = "$(TARGET_NAME)";
				SWIFT_VERSION = 4.2;
				TARGETED_DEVICE_FAMILY = "1,2";
			};
			name = Release;
		};
/* End XCBuildConfiguration section */

/* Begin XCConfigurationList section */
		DB41E17A2219A72200C768DF /* Build configuration list for PBXProject "Todoeyyyy" */ = {
			isa = XCConfigurationList;
			buildConfigurations = (
				DB41E18F2219A72400C768DF /* Debug */,
				DB41E1902219A72400C768DF /* Release */,
			);
			defaultConfigurationIsVisible = 0;
			defaultConfigurationName = Release;
		};
		DB41E1912219A72400C768DF /* Build configuration list for PBXNativeTarget "Todoeyyyy" */ = {
			isa = XCConfigurationList;
			buildConfigurations = (
				DB41E1922219A72400C768DF /* Debug */,
				DB41E1932219A72400C768DF /* Release */,
			);
			defaultConfigurationIsVisible = 0;
			defaultConfigurationName = Release;
		};
/* End XCConfigurationList section */
	};
	rootObject = DB41E1772219A72200C768DF /* Project object */;
}
